{
  "version": 4,
  "terraform_version": "1.11.4",
  "serial": 78,
  "lineage": "7101eb27-31e6-3ce0-2be0-699d4155fe27",
  "outputs": {},
  "resources": [
    {
      "mode": "data",
      "type": "google_project",
      "name": "projects",
      "provider": "provider[\"registry.terraform.io/hashicorp/google\"]",
      "instances": [
        {
          "index_key": "prod",
          "schema_version": 0,
          "attributes": {
            "auto_create_network": null,
            "billing_account": "010285-5B9656-D98C0B",
            "deletion_policy": "PREVENT",
            "effective_labels": {},
            "folder_id": "",
            "id": "projects/agents-prod-464708",
            "labels": {},
            "name": "agents-prod",
            "number": "658022431479",
            "org_id": "796733302477",
            "project_id": "agents-prod-464708",
            "tags": null,
            "terraform_labels": {}
          },
          "sensitive_attributes": []
        },
        {
          "index_key": "staging",
          "schema_version": 0,
          "attributes": {
            "auto_create_network": null,
            "billing_account": "010285-5B9656-D98C0B",
            "deletion_policy": "PREVENT",
            "effective_labels": {
              "generative-language": "enabled"
            },
            "folder_id": "",
            "id": "projects/agents-stg",
            "labels": {
              "generative-language": "enabled"
            },
            "name": "agents-stg",
            "number": "428871167882",
            "org_id": "796733302477",
            "project_id": "agents-stg",
            "tags": null,
            "terraform_labels": {
              "generative-language": "enabled"
            }
          },
          "sensitive_attributes": []
        }
      ]
    },
    {
      "mode": "managed",
      "type": "google_artifact_registry_repository",
      "name": "repo-artifacts-genai",
      "provider": "provider[\"registry.terraform.io/hashicorp/google\"]",
      "instances": [
        {
          "schema_version": 0,
          "attributes": {
            "cleanup_policies": [],
            "cleanup_policy_dry_run": false,
            "create_time": "2025-07-02T08:22:34.692544Z",
            "description": "Repo for Generative AI applications",
            "docker_config": [],
            "effective_labels": {
              "goog-terraform-provisioned": "true"
            },
            "format": "DOCKER",
            "id": "projects/agents-stg/locations/us-central1/repositories/app-mod-agent-repo",
            "kms_key_name": "",
            "labels": null,
            "location": "us-central1",
            "maven_config": [],
            "mode": "STANDARD_REPOSITORY",
            "name": "app-mod-agent-repo",
            "project": "agents-stg",
            "remote_repository_config": [],
            "repository_id": "app-mod-agent-repo",
            "terraform_labels": {
              "goog-terraform-provisioned": "true"
            },
            "timeouts": null,
            "update_time": "2025-07-02T08:22:34.692544Z",
            "virtual_repository_config": [],
            "vulnerability_scanning_config": [
              {
                "enablement_config": "",
                "enablement_state": "SCANNING_DISABLED",
                "enablement_state_reason": "API containerscanning.googleapis.com is not enabled."
              }
            ]
          },
          "sensitive_attributes": [],
          "private": "eyJlMmJmYjczMC1lY2FhLTExZTYtOGY4OC0zNDM2M2JjN2M0YzAiOnsiY3JlYXRlIjoxMjAwMDAwMDAwMDAwLCJkZWxldGUiOjEyMDAwMDAwMDAwMDAsInVwZGF0ZSI6MTIwMDAwMDAwMDAwMH19",
          "dependencies": [
            "google_project_service.cicd_services",
            "google_project_service.shared_services"
          ]
        }
      ]
    },
    {
      "mode": "managed",
      "type": "google_bigquery_dataset",
      "name": "feedback_dataset",
      "provider": "provider[\"registry.terraform.io/hashicorp/google\"]",
      "instances": [
        {
          "index_key": "prod",
          "schema_version": 0,
          "attributes": {
            "access": [
              {
                "condition": [],
                "dataset": [],
                "domain": "",
                "group_by_email": "",
                "iam_member": "",
                "role": "OWNER",
                "routine": [],
                "special_group": "",
                "user_by_email": "admin@arjunvijay.altostrat.com",
                "view": []
              },
              {
                "condition": [],
                "dataset": [],
                "domain": "",
                "group_by_email": "",
                "iam_member": "",
                "role": "OWNER",
                "routine": [],
                "special_group": "projectOwners",
                "user_by_email": "",
                "view": []
              },
              {
                "condition": [],
                "dataset": [],
                "domain": "",
                "group_by_email": "",
                "iam_member": "",
                "role": "READER",
                "routine": [],
                "special_group": "projectReaders",
                "user_by_email": "",
                "view": []
              },
              {
                "condition": [],
                "dataset": [],
                "domain": "",
                "group_by_email": "",
                "iam_member": "",
                "role": "WRITER",
                "routine": [],
                "special_group": "projectWriters",
                "user_by_email": "",
                "view": []
              }
            ],
            "creation_time": 1751444546339,
            "dataset_id": "app_mod_agent_feedback",
            "default_collation": "",
            "default_encryption_configuration": [],
            "default_partition_expiration_ms": 0,
            "default_table_expiration_ms": 0,
            "delete_contents_on_destroy": false,
            "description": "",
            "effective_labels": {
              "goog-terraform-provisioned": "true"
            },
            "etag": "YQwuFr9lBx0AInmRJRDXMw==",
            "external_catalog_dataset_options": [],
            "external_dataset_reference": [],
            "friendly_name": "app-mod-agent_feedback",
            "id": "projects/agents-prod-464708/datasets/app_mod_agent_feedback",
            "is_case_insensitive": false,
            "labels": null,
            "last_modified_time": 1751444546339,
            "location": "us-central1",
            "max_time_travel_hours": "168",
            "project": "agents-prod-464708",
            "resource_tags": null,
            "self_link": "https://bigquery.googleapis.com/bigquery/v2/projects/agents-prod-464708/datasets/app_mod_agent_feedback",
            "storage_billing_model": "",
            "terraform_labels": {
              "goog-terraform-provisioned": "true"
            },
            "timeouts": null
          },
          "sensitive_attributes": [],
          "private": "eyJlMmJmYjczMC1lY2FhLTExZTYtOGY4OC0zNDM2M2JjN2M0YzAiOnsiY3JlYXRlIjoxMjAwMDAwMDAwMDAwLCJkZWxldGUiOjEyMDAwMDAwMDAwMDAsInVwZGF0ZSI6MTIwMDAwMDAwMDAwMH19",
          "dependencies": [
            "google_project_service.cicd_services",
            "google_project_service.shared_services"
          ]
        },
        {
          "index_key": "staging",
          "schema_version": 0,
          "attributes": {
            "access": [
              {
                "condition": [],
                "dataset": [],
                "domain": "",
                "group_by_email": "",
                "iam_member": "",
                "role": "OWNER",
                "routine": [],
                "special_group": "",
                "user_by_email": "admin@arjunvijay.altostrat.com",
                "view": []
              },
              {
                "condition": [],
                "dataset": [],
                "domain": "",
                "group_by_email": "",
                "iam_member": "",
                "role": "OWNER",
                "routine": [],
                "special_group": "projectOwners",
                "user_by_email": "",
                "view": []
              },
              {
                "condition": [],
                "dataset": [],
                "domain": "",
                "group_by_email": "",
                "iam_member": "",
                "role": "READER",
                "routine": [],
                "special_group": "projectReaders",
                "user_by_email": "",
                "view": []
              },
              {
                "condition": [],
                "dataset": [],
                "domain": "",
                "group_by_email": "",
                "iam_member": "",
                "role": "WRITER",
                "routine": [],
                "special_group": "projectWriters",
                "user_by_email": "",
                "view": []
              }
            ],
            "creation_time": 1751444547338,
            "dataset_id": "app_mod_agent_feedback",
            "default_collation": "",
            "default_encryption_configuration": [],
            "default_partition_expiration_ms": 0,
            "default_table_expiration_ms": 0,
            "delete_contents_on_destroy": false,
            "description": "",
            "effective_labels": {
              "goog-terraform-provisioned": "true"
            },
            "etag": "Jwm871o/fYGdWxNNbUOGZA==",
            "external_catalog_dataset_options": [],
            "external_dataset_reference": [],
            "friendly_name": "app-mod-agent_feedback",
            "id": "projects/agents-stg/datasets/app_mod_agent_feedback",
            "is_case_insensitive": false,
            "labels": null,
            "last_modified_time": 1751444547338,
            "location": "us-central1",
            "max_time_travel_hours": "168",
            "project": "agents-stg",
            "resource_tags": null,
            "self_link": "https://bigquery.googleapis.com/bigquery/v2/projects/agents-stg/datasets/app_mod_agent_feedback",
            "storage_billing_model": "",
            "terraform_labels": {
              "goog-terraform-provisioned": "true"
            },
            "timeouts": null
          },
          "sensitive_attributes": [],
          "private": "eyJlMmJmYjczMC1lY2FhLTExZTYtOGY4OC0zNDM2M2JjN2M0YzAiOnsiY3JlYXRlIjoxMjAwMDAwMDAwMDAwLCJkZWxldGUiOjEyMDAwMDAwMDAwMDAsInVwZGF0ZSI6MTIwMDAwMDAwMDAwMH19",
          "dependencies": [
            "google_project_service.cicd_services",
            "google_project_service.shared_services"
          ]
        }
      ]
    },
    {
      "mode": "managed",
      "type": "google_bigquery_dataset",
      "name": "telemetry_logs_dataset",
      "provider": "provider[\"registry.terraform.io/hashicorp/google\"]",
      "instances": [
        {
          "index_key": "prod",
          "schema_version": 0,
          "attributes": {
            "access": [
              {
                "condition": [],
                "dataset": [],
                "domain": "",
                "group_by_email": "",
                "iam_member": "",
                "role": "OWNER",
                "routine": [],
                "special_group": "",
                "user_by_email": "admin@arjunvijay.altostrat.com",
                "view": []
              },
              {
                "condition": [],
                "dataset": [],
                "domain": "",
                "group_by_email": "",
                "iam_member": "",
                "role": "OWNER",
                "routine": [],
                "special_group": "projectOwners",
                "user_by_email": "",
                "view": []
              },
              {
                "condition": [],
                "dataset": [],
                "domain": "",
                "group_by_email": "",
                "iam_member": "",
                "role": "READER",
                "routine": [],
                "special_group": "projectReaders",
                "user_by_email": "",
                "view": []
              },
              {
                "condition": [],
                "dataset": [],
                "domain": "",
                "group_by_email": "",
                "iam_member": "",
                "role": "WRITER",
                "routine": [],
                "special_group": "projectWriters",
                "user_by_email": "",
                "view": []
              }
            ],
            "creation_time": 1751444544944,
            "dataset_id": "app_mod_agent_telemetry",
            "default_collation": "",
            "default_encryption_configuration": [],
            "default_partition_expiration_ms": 0,
            "default_table_expiration_ms": 0,
            "delete_contents_on_destroy": false,
            "description": "",
            "effective_labels": {
              "goog-terraform-provisioned": "true"
            },
            "etag": "cZKm1TQszUBoYQ006biLYQ==",
            "external_catalog_dataset_options": [],
            "external_dataset_reference": [],
            "friendly_name": "app-mod-agent_telemetry",
            "id": "projects/agents-prod-464708/datasets/app_mod_agent_telemetry",
            "is_case_insensitive": false,
            "labels": null,
            "last_modified_time": 1751444544944,
            "location": "us-central1",
            "max_time_travel_hours": "168",
            "project": "agents-prod-464708",
            "resource_tags": null,
            "self_link": "https://bigquery.googleapis.com/bigquery/v2/projects/agents-prod-464708/datasets/app_mod_agent_telemetry",
            "storage_billing_model": "",
            "terraform_labels": {
              "goog-terraform-provisioned": "true"
            },
            "timeouts": null
          },
          "sensitive_attributes": [],
          "private": "eyJlMmJmYjczMC1lY2FhLTExZTYtOGY4OC0zNDM2M2JjN2M0YzAiOnsiY3JlYXRlIjoxMjAwMDAwMDAwMDAwLCJkZWxldGUiOjEyMDAwMDAwMDAwMDAsInVwZGF0ZSI6MTIwMDAwMDAwMDAwMH19",
          "dependencies": [
            "google_project_service.cicd_services",
            "google_project_service.shared_services"
          ]
        },
        {
          "index_key": "staging",
          "schema_version": 0,
          "attributes": {
            "access": [
              {
                "condition": [],
                "dataset": [],
                "domain": "",
                "group_by_email": "",
                "iam_member": "",
                "role": "OWNER",
                "routine": [],
                "special_group": "",
                "user_by_email": "admin@arjunvijay.altostrat.com",
                "view": []
              },
              {
                "condition": [],
                "dataset": [],
                "domain": "",
                "group_by_email": "",
                "iam_member": "",
                "role": "OWNER",
                "routine": [],
                "special_group": "projectOwners",
                "user_by_email": "",
                "view": []
              },
              {
                "condition": [],
                "dataset": [],
                "domain": "",
                "group_by_email": "",
                "iam_member": "",
                "role": "READER",
                "routine": [],
                "special_group": "projectReaders",
                "user_by_email": "",
                "view": []
              },
              {
                "condition": [],
                "dataset": [],
                "domain": "",
                "group_by_email": "",
                "iam_member": "",
                "role": "WRITER",
                "routine": [],
                "special_group": "projectWriters",
                "user_by_email": "",
                "view": []
              }
            ],
            "creation_time": 1751444545040,
            "dataset_id": "app_mod_agent_telemetry",
            "default_collation": "",
            "default_encryption_configuration": [],
            "default_partition_expiration_ms": 0,
            "default_table_expiration_ms": 0,
            "delete_contents_on_destroy": false,
            "description": "",
            "effective_labels": {
              "goog-terraform-provisioned": "true"
            },
            "etag": "CaV/ICN3UQAsaJM8zeyHJg==",
            "external_catalog_dataset_options": [],
            "external_dataset_reference": [],
            "friendly_name": "app-mod-agent_telemetry",
            "id": "projects/agents-stg/datasets/app_mod_agent_telemetry",
            "is_case_insensitive": false,
            "labels": null,
            "last_modified_time": 1751444545040,
            "location": "us-central1",
            "max_time_travel_hours": "168",
            "project": "agents-stg",
            "resource_tags": null,
            "self_link": "https://bigquery.googleapis.com/bigquery/v2/projects/agents-stg/datasets/app_mod_agent_telemetry",
            "storage_billing_model": "",
            "terraform_labels": {
              "goog-terraform-provisioned": "true"
            },
            "timeouts": null
          },
          "sensitive_attributes": [],
          "private": "eyJlMmJmYjczMC1lY2FhLTExZTYtOGY4OC0zNDM2M2JjN2M0YzAiOnsiY3JlYXRlIjoxMjAwMDAwMDAwMDAwLCJkZWxldGUiOjEyMDAwMDAwMDAwMDAsInVwZGF0ZSI6MTIwMDAwMDAwMDAwMH19",
          "dependencies": [
            "google_project_service.cicd_services",
            "google_project_service.shared_services"
          ]
        }
      ]
    },
    {
      "mode": "managed",
      "type": "google_cloudbuild_trigger",
      "name": "cd_pipeline",
      "provider": "provider[\"registry.terraform.io/hashicorp/google\"]",
      "instances": [
        {
          "schema_version": 2,
          "attributes": {
            "approval_config": [
              {
                "approval_required": false
              }
            ],
            "bitbucket_server_trigger_config": [],
            "build": [],
            "create_time": "2025-07-02T08:23:46.408420521Z",
            "description": "Trigger for CD pipeline",
            "disabled": false,
            "filename": "deployment/cd/staging.yaml",
            "filter": "",
            "git_file_source": [],
            "github": [],
            "id": "projects/agents-stg/locations/us-central1/triggers/5f59263c-c77f-46aa-a6b5-67c5aebfd6e2",
            "ignored_files": null,
            "include_build_logs": "INCLUDE_BUILD_LOGS_WITH_STATUS",
            "included_files": [
              "app/**",
              "data_ingestion/**",
              "tests/**",
              "deployment/**",
              "uv.lock"
            ],
            "location": "us-central1",
            "name": "cd-app-mod-agent",
            "project": "agents-stg",
            "pubsub_config": [],
            "repository_event_config": [
              {
                "pull_request": [],
                "push": [
                  {
                    "branch": "main",
                    "invert_regex": false,
                    "tag": ""
                  }
                ],
                "repository": "projects/agents-stg/locations/us-central1/connections/google-github/repositories/arjunvijaygoogle-delivery-app-mod-agent"
              }
            ],
            "service_account": "projects/agents-stg/serviceAccounts/app-mod-agent-cb@agents-stg.iam.gserviceaccount.com",
            "source_to_build": [],
            "substitutions": {
              "_ARTIFACT_REGISTRY_REPO_NAME": "app-mod-agent-repo",
              "_BUCKET_NAME_LOAD_TEST_RESULTS": "agents-stg-app-mod-agent-load-test",
              "_CLOUD_RUN_APP_SA_EMAIL": "app-mod-agent-cr@agents-stg.iam.gserviceaccount.com",
              "_CONTAINER_NAME": "app-mod-agent",
              "_REGION": "us-central1",
              "_STAGING_PROJECT_ID": "agents-stg"
            },
            "tags": null,
            "timeouts": null,
            "trigger_id": "5f59263c-c77f-46aa-a6b5-67c5aebfd6e2",
            "trigger_template": [],
            "webhook_config": []
          },
          "sensitive_attributes": [],
          "private": "eyJlMmJmYjczMC1lY2FhLTExZTYtOGY4OC0zNDM2M2JjN2M0YzAiOnsiY3JlYXRlIjoxMjAwMDAwMDAwMDAwLCJkZWxldGUiOjEyMDAwMDAwMDAwMDAsInVwZGF0ZSI6MTIwMDAwMDAwMDAwMH0sInNjaGVtYV92ZXJzaW9uIjoiMiJ9",
          "dependencies": [
            "google_artifact_registry_repository.repo-artifacts-genai",
            "google_project_service.cicd_services",
            "google_project_service.shared_services",
            "google_service_account.cicd_runner_sa",
            "google_service_account.cloud_run_app_sa",
            "google_storage_bucket.bucket_load_test_results"
          ]
        }
      ]
    },
    {
      "mode": "managed",
      "type": "google_cloudbuild_trigger",
      "name": "deploy_to_prod_pipeline",
      "provider": "provider[\"registry.terraform.io/hashicorp/google\"]",
      "instances": [
        {
          "schema_version": 2,
          "attributes": {
            "approval_config": [
              {
                "approval_required": true
              }
            ],
            "bitbucket_server_trigger_config": [],
            "build": [],
            "create_time": "2025-07-02T08:23:46.671444102Z",
            "description": "Trigger for deployment to production",
            "disabled": false,
            "filename": "deployment/cd/deploy-to-prod.yaml",
            "filter": "",
            "git_file_source": [],
            "github": [],
            "id": "projects/agents-stg/locations/us-central1/triggers/ab29c114-d9a2-4f88-bdc7-16b5297e4b6e",
            "ignored_files": null,
            "include_build_logs": "INCLUDE_BUILD_LOGS_WITH_STATUS",
            "included_files": null,
            "location": "us-central1",
            "name": "deploy-app-mod-agent",
            "project": "agents-stg",
            "pubsub_config": [],
            "repository_event_config": [
              {
                "pull_request": [],
                "push": [],
                "repository": "projects/agents-stg/locations/us-central1/connections/google-github/repositories/arjunvijaygoogle-delivery-app-mod-agent"
              }
            ],
            "service_account": "projects/agents-stg/serviceAccounts/app-mod-agent-cb@agents-stg.iam.gserviceaccount.com",
            "source_to_build": [],
            "substitutions": {
              "_ARTIFACT_REGISTRY_REPO_NAME": "app-mod-agent-repo",
              "_CLOUD_RUN_APP_SA_EMAIL": "app-mod-agent-cr@agents-prod-464708.iam.gserviceaccount.com",
              "_CONTAINER_NAME": "app-mod-agent",
              "_PROD_PROJECT_ID": "agents-prod-464708",
              "_REGION": "us-central1"
            },
            "tags": null,
            "timeouts": null,
            "trigger_id": "ab29c114-d9a2-4f88-bdc7-16b5297e4b6e",
            "trigger_template": [],
            "webhook_config": []
          },
          "sensitive_attributes": [],
          "private": "eyJlMmJmYjczMC1lY2FhLTExZTYtOGY4OC0zNDM2M2JjN2M0YzAiOnsiY3JlYXRlIjoxMjAwMDAwMDAwMDAwLCJkZWxldGUiOjEyMDAwMDAwMDAwMDAsInVwZGF0ZSI6MTIwMDAwMDAwMDAwMH0sInNjaGVtYV92ZXJzaW9uIjoiMiJ9",
          "dependencies": [
            "google_artifact_registry_repository.repo-artifacts-genai",
            "google_project_service.cicd_services",
            "google_project_service.shared_services",
            "google_service_account.cicd_runner_sa",
            "google_service_account.cloud_run_app_sa"
          ]
        }
      ]
    },
    {
      "mode": "managed",
      "type": "google_cloudbuild_trigger",
      "name": "pr_checks",
      "provider": "provider[\"registry.terraform.io/hashicorp/google\"]",
      "instances": [
        {
          "schema_version": 2,
          "attributes": {
            "approval_config": [
              {
                "approval_required": false
              }
            ],
            "bitbucket_server_trigger_config": [],
            "build": [],
            "create_time": "2025-07-02T08:22:40.362008193Z",
            "description": "Trigger for PR checks",
            "disabled": false,
            "filename": "deployment/ci/pr_checks.yaml",
            "filter": "",
            "git_file_source": [],
            "github": [],
            "id": "projects/agents-stg/locations/us-central1/triggers/687d2df0-79cb-4ed5-9207-341f3f176bf1",
            "ignored_files": null,
            "include_build_logs": "INCLUDE_BUILD_LOGS_WITH_STATUS",
            "included_files": [
              "app/**",
              "data_ingestion/**",
              "tests/**",
              "deployment/**",
              "uv.lock"
            ],
            "location": "us-central1",
            "name": "pr-app-mod-agent",
            "project": "agents-stg",
            "pubsub_config": [],
            "repository_event_config": [
              {
                "pull_request": [
                  {
                    "branch": "main",
                    "comment_control": "",
                    "invert_regex": false
                  }
                ],
                "push": [],
                "repository": "projects/agents-stg/locations/us-central1/connections/google-github/repositories/arjunvijaygoogle-delivery-app-mod-agent"
              }
            ],
            "service_account": "projects/agents-stg/serviceAccounts/app-mod-agent-cb@agents-stg.iam.gserviceaccount.com",
            "source_to_build": [],
            "substitutions": null,
            "tags": null,
            "timeouts": null,
            "trigger_id": "687d2df0-79cb-4ed5-9207-341f3f176bf1",
            "trigger_template": [],
            "webhook_config": []
          },
          "sensitive_attributes": [],
          "private": "eyJlMmJmYjczMC1lY2FhLTExZTYtOGY4OC0zNDM2M2JjN2M0YzAiOnsiY3JlYXRlIjoxMjAwMDAwMDAwMDAwLCJkZWxldGUiOjEyMDAwMDAwMDAwMDAsInVwZGF0ZSI6MTIwMDAwMDAwMDAwMH0sInNjaGVtYV92ZXJzaW9uIjoiMiJ9",
          "dependencies": [
            "google_project_service.cicd_services",
            "google_project_service.shared_services",
            "google_service_account.cicd_runner_sa"
          ]
        }
      ]
    },
    {
      "mode": "managed",
      "type": "google_project_iam_member",
      "name": "bigquery_data_editor",
      "provider": "provider[\"registry.terraform.io/hashicorp/google\"]",
      "instances": [
        {
          "index_key": "prod",
          "schema_version": 0,
          "attributes": {
            "condition": [],
            "etag": "BwY47fbonBQ=",
            "id": "agents-prod-464708/roles/bigquery.dataEditor/serviceAccount:service-658022431479@gcp-sa-logging.iam.gserviceaccount.com",
            "member": "serviceAccount:service-658022431479@gcp-sa-logging.iam.gserviceaccount.com",
            "project": "agents-prod-464708",
            "role": "roles/bigquery.dataEditor"
          },
          "sensitive_attributes": [],
          "private": "bnVsbA==",
          "dependencies": [
            "google_bigquery_dataset.telemetry_logs_dataset",
            "google_project_service.cicd_services",
            "google_project_service.shared_services",
            "module.log_export_to_bigquery.google_logging_billing_account_sink.sink",
            "module.log_export_to_bigquery.google_logging_folder_sink.sink",
            "module.log_export_to_bigquery.google_logging_organization_sink.sink",
            "module.log_export_to_bigquery.google_logging_project_sink.sink"
          ]
        },
        {
          "index_key": "staging",
          "schema_version": 0,
          "attributes": {
            "condition": [],
            "etag": "BwY47fdZgGU=",
            "id": "agents-stg/roles/bigquery.dataEditor/serviceAccount:service-428871167882@gcp-sa-logging.iam.gserviceaccount.com",
            "member": "serviceAccount:service-428871167882@gcp-sa-logging.iam.gserviceaccount.com",
            "project": "agents-stg",
            "role": "roles/bigquery.dataEditor"
          },
          "sensitive_attributes": [],
          "private": "bnVsbA==",
          "dependencies": [
            "google_bigquery_dataset.telemetry_logs_dataset",
            "google_project_service.cicd_services",
            "google_project_service.shared_services",
            "module.log_export_to_bigquery.google_logging_billing_account_sink.sink",
            "module.log_export_to_bigquery.google_logging_folder_sink.sink",
            "module.log_export_to_bigquery.google_logging_organization_sink.sink",
            "module.log_export_to_bigquery.google_logging_project_sink.sink"
          ]
        }
      ]
    },
    {
      "mode": "managed",
      "type": "google_project_iam_member",
      "name": "cicd_project_roles",
      "provider": "provider[\"registry.terraform.io/hashicorp/google\"]",
      "instances": [
        {
          "index_key": "roles/aiplatform.user",
          "schema_version": 0,
          "attributes": {
            "condition": [],
            "etag": "BwY47fdZgGU=",
            "id": "agents-stg/roles/aiplatform.user/serviceAccount:app-mod-agent-cb@agents-stg.iam.gserviceaccount.com",
            "member": "serviceAccount:app-mod-agent-cb@agents-stg.iam.gserviceaccount.com",
            "project": "agents-stg",
            "role": "roles/aiplatform.user"
          },
          "sensitive_attributes": [],
          "private": "bnVsbA==",
          "dependencies": [
            "google_project_service.cicd_services",
            "google_project_service.shared_services",
            "google_service_account.cicd_runner_sa"
          ]
        },
        {
          "index_key": "roles/artifactregistry.writer",
          "schema_version": 0,
          "attributes": {
            "condition": [],
            "etag": "BwY47fmlrzc=",
            "id": "agents-stg/roles/artifactregistry.writer/serviceAccount:app-mod-agent-cb@agents-stg.iam.gserviceaccount.com",
            "member": "serviceAccount:app-mod-agent-cb@agents-stg.iam.gserviceaccount.com",
            "project": "agents-stg",
            "role": "roles/artifactregistry.writer"
          },
          "sensitive_attributes": [],
          "private": "bnVsbA==",
          "dependencies": [
            "google_project_service.cicd_services",
            "google_project_service.shared_services",
            "google_service_account.cicd_runner_sa"
          ]
        },
        {
          "index_key": "roles/cloudbuild.builds.builder",
          "schema_version": 0,
          "attributes": {
            "condition": [],
            "etag": "BwY47fdZgGU=",
            "id": "agents-stg/roles/cloudbuild.builds.builder/serviceAccount:app-mod-agent-cb@agents-stg.iam.gserviceaccount.com",
            "member": "serviceAccount:app-mod-agent-cb@agents-stg.iam.gserviceaccount.com",
            "project": "agents-stg",
            "role": "roles/cloudbuild.builds.builder"
          },
          "sensitive_attributes": [],
          "private": "bnVsbA==",
          "dependencies": [
            "google_project_service.cicd_services",
            "google_project_service.shared_services",
            "google_service_account.cicd_runner_sa"
          ]
        },
        {
          "index_key": "roles/cloudtrace.agent",
          "schema_version": 0,
          "attributes": {
            "condition": [],
            "etag": "BwY47fdZgGU=",
            "id": "agents-stg/roles/cloudtrace.agent/serviceAccount:app-mod-agent-cb@agents-stg.iam.gserviceaccount.com",
            "member": "serviceAccount:app-mod-agent-cb@agents-stg.iam.gserviceaccount.com",
            "project": "agents-stg",
            "role": "roles/cloudtrace.agent"
          },
          "sensitive_attributes": [],
          "private": "bnVsbA==",
          "dependencies": [
            "google_project_service.cicd_services",
            "google_project_service.shared_services",
            "google_service_account.cicd_runner_sa"
          ]
        },
        {
          "index_key": "roles/discoveryengine.editor",
          "schema_version": 0,
          "attributes": {
            "condition": [],
            "etag": "BwY47foUwt4=",
            "id": "agents-stg/roles/discoveryengine.editor/serviceAccount:app-mod-agent-cb@agents-stg.iam.gserviceaccount.com",
            "member": "serviceAccount:app-mod-agent-cb@agents-stg.iam.gserviceaccount.com",
            "project": "agents-stg",
            "role": "roles/discoveryengine.editor"
          },
          "sensitive_attributes": [],
          "private": "bnVsbA==",
          "dependencies": [
            "google_project_service.cicd_services",
            "google_project_service.shared_services",
            "google_service_account.cicd_runner_sa"
          ]
        },
        {
          "index_key": "roles/logging.logWriter",
          "schema_version": 0,
          "attributes": {
            "condition": [],
            "etag": "BwY47foUwt4=",
            "id": "agents-stg/roles/logging.logWriter/serviceAccount:app-mod-agent-cb@agents-stg.iam.gserviceaccount.com",
            "member": "serviceAccount:app-mod-agent-cb@agents-stg.iam.gserviceaccount.com",
            "project": "agents-stg",
            "role": "roles/logging.logWriter"
          },
          "sensitive_attributes": [],
          "private": "bnVsbA==",
          "dependencies": [
            "google_project_service.cicd_services",
            "google_project_service.shared_services",
            "google_service_account.cicd_runner_sa"
          ]
        },
        {
          "index_key": "roles/run.invoker",
          "schema_version": 0,
          "attributes": {
            "condition": [],
            "etag": "BwY47fdZgGU=",
            "id": "agents-stg/roles/run.invoker/serviceAccount:app-mod-agent-cb@agents-stg.iam.gserviceaccount.com",
            "member": "serviceAccount:app-mod-agent-cb@agents-stg.iam.gserviceaccount.com",
            "project": "agents-stg",
            "role": "roles/run.invoker"
          },
          "sensitive_attributes": [],
          "private": "bnVsbA==",
          "dependencies": [
            "google_project_service.cicd_services",
            "google_project_service.shared_services",
            "google_service_account.cicd_runner_sa"
          ]
        },
        {
          "index_key": "roles/storage.admin",
          "schema_version": 0,
          "attributes": {
            "condition": [],
            "etag": "BwY47filsk4=",
            "id": "agents-stg/roles/storage.admin/serviceAccount:app-mod-agent-cb@agents-stg.iam.gserviceaccount.com",
            "member": "serviceAccount:app-mod-agent-cb@agents-stg.iam.gserviceaccount.com",
            "project": "agents-stg",
            "role": "roles/storage.admin"
          },
          "sensitive_attributes": [],
          "private": "bnVsbA==",
          "dependencies": [
            "google_project_service.cicd_services",
            "google_project_service.shared_services",
            "google_service_account.cicd_runner_sa"
          ]
        }
      ]
    },
    {
      "mode": "managed",
      "type": "google_project_iam_member",
      "name": "cicd_run_invoker_artifact_registry_reader",
      "provider": "provider[\"registry.terraform.io/hashicorp/google\"]",
      "instances": [
        {
          "index_key": "prod",
          "schema_version": 0,
          "attributes": {
            "condition": [],
            "etag": "BwY47fZHo2s=",
            "id": "agents-stg/roles/artifactregistry.reader/serviceAccount:service-658022431479@serverless-robot-prod.iam.gserviceaccount.com",
            "member": "serviceAccount:service-658022431479@serverless-robot-prod.iam.gserviceaccount.com",
            "project": "agents-stg",
            "role": "roles/artifactregistry.reader"
          },
          "sensitive_attributes": [],
          "private": "bnVsbA==",
          "dependencies": [
            "data.google_project.projects",
            "google_project_service.cicd_services",
            "google_project_service.shared_services"
          ]
        },
        {
          "index_key": "staging",
          "schema_version": 0,
          "attributes": {
            "condition": [],
            "etag": "BwY47fZHo2s=",
            "id": "agents-stg/roles/artifactregistry.reader/serviceAccount:service-428871167882@serverless-robot-prod.iam.gserviceaccount.com",
            "member": "serviceAccount:service-428871167882@serverless-robot-prod.iam.gserviceaccount.com",
            "project": "agents-stg",
            "role": "roles/artifactregistry.reader"
          },
          "sensitive_attributes": [],
          "private": "bnVsbA==",
          "dependencies": [
            "data.google_project.projects",
            "google_project_service.cicd_services",
            "google_project_service.shared_services"
          ]
        }
      ]
    },
    {
      "mode": "managed",
      "type": "google_project_iam_member",
      "name": "cloud_run_app_sa_roles",
      "provider": "provider[\"registry.terraform.io/hashicorp/google\"]",
      "instances": [
        {
          "index_key": "prod,roles/aiplatform.user",
          "schema_version": 0,
          "attributes": {
            "condition": [],
            "etag": "BwY47fqph60=",
            "id": "agents-prod-464708/roles/aiplatform.user/serviceAccount:app-mod-agent-cr@agents-prod-464708.iam.gserviceaccount.com",
            "member": "serviceAccount:app-mod-agent-cr@agents-prod-464708.iam.gserviceaccount.com",
            "project": "agents-prod-464708",
            "role": "roles/aiplatform.user"
          },
          "sensitive_attributes": [],
          "private": "bnVsbA==",
          "dependencies": [
            "google_project_service.cicd_services",
            "google_project_service.shared_services",
            "google_service_account.cloud_run_app_sa"
          ]
        },
        {
          "index_key": "prod,roles/cloudtrace.agent",
          "schema_version": 0,
          "attributes": {
            "condition": [],
            "etag": "BwY47fqph60=",
            "id": "agents-prod-464708/roles/cloudtrace.agent/serviceAccount:app-mod-agent-cr@agents-prod-464708.iam.gserviceaccount.com",
            "member": "serviceAccount:app-mod-agent-cr@agents-prod-464708.iam.gserviceaccount.com",
            "project": "agents-prod-464708",
            "role": "roles/cloudtrace.agent"
          },
          "sensitive_attributes": [],
          "private": "bnVsbA==",
          "dependencies": [
            "google_project_service.cicd_services",
            "google_project_service.shared_services",
            "google_service_account.cloud_run_app_sa"
          ]
        },
        {
          "index_key": "prod,roles/discoveryengine.editor",
          "schema_version": 0,
          "attributes": {
            "condition": [],
            "etag": "BwY47fqph60=",
            "id": "agents-prod-464708/roles/discoveryengine.editor/serviceAccount:app-mod-agent-cr@agents-prod-464708.iam.gserviceaccount.com",
            "member": "serviceAccount:app-mod-agent-cr@agents-prod-464708.iam.gserviceaccount.com",
            "project": "agents-prod-464708",
            "role": "roles/discoveryengine.editor"
          },
          "sensitive_attributes": [],
          "private": "bnVsbA==",
          "dependencies": [
            "google_project_service.cicd_services",
            "google_project_service.shared_services",
            "google_service_account.cloud_run_app_sa"
          ]
        },
        {
          "index_key": "prod,roles/logging.logWriter",
          "schema_version": 0,
          "attributes": {
            "condition": [],
            "etag": "BwY47fqph60=",
            "id": "agents-prod-464708/roles/logging.logWriter/serviceAccount:app-mod-agent-cr@agents-prod-464708.iam.gserviceaccount.com",
            "member": "serviceAccount:app-mod-agent-cr@agents-prod-464708.iam.gserviceaccount.com",
            "project": "agents-prod-464708",
            "role": "roles/logging.logWriter"
          },
          "sensitive_attributes": [],
          "private": "bnVsbA==",
          "dependencies": [
            "google_project_service.cicd_services",
            "google_project_service.shared_services",
            "google_service_account.cloud_run_app_sa"
          ]
        },
        {
          "index_key": "prod,roles/run.invoker",
          "schema_version": 0,
          "attributes": {
            "condition": [],
            "etag": "BwY47flVQvA=",
            "id": "agents-prod-464708/roles/run.invoker/serviceAccount:app-mod-agent-cr@agents-prod-464708.iam.gserviceaccount.com",
            "member": "serviceAccount:app-mod-agent-cr@agents-prod-464708.iam.gserviceaccount.com",
            "project": "agents-prod-464708",
            "role": "roles/run.invoker"
          },
          "sensitive_attributes": [],
          "private": "bnVsbA==",
          "dependencies": [
            "google_project_service.cicd_services",
            "google_project_service.shared_services",
            "google_service_account.cloud_run_app_sa"
          ]
        },
        {
          "index_key": "prod,roles/storage.admin",
          "schema_version": 0,
          "attributes": {
            "condition": [],
            "etag": "BwY47fpNbGM=",
            "id": "agents-prod-464708/roles/storage.admin/serviceAccount:app-mod-agent-cr@agents-prod-464708.iam.gserviceaccount.com",
            "member": "serviceAccount:app-mod-agent-cr@agents-prod-464708.iam.gserviceaccount.com",
            "project": "agents-prod-464708",
            "role": "roles/storage.admin"
          },
          "sensitive_attributes": [],
          "private": "bnVsbA==",
          "dependencies": [
            "google_project_service.cicd_services",
            "google_project_service.shared_services",
            "google_service_account.cloud_run_app_sa"
          ]
        },
        {
          "index_key": "staging,roles/aiplatform.user",
          "schema_version": 0,
          "attributes": {
            "condition": [],
            "etag": "BwY47fp0XKg=",
            "id": "agents-stg/roles/aiplatform.user/serviceAccount:app-mod-agent-cr@agents-stg.iam.gserviceaccount.com",
            "member": "serviceAccount:app-mod-agent-cr@agents-stg.iam.gserviceaccount.com",
            "project": "agents-stg",
            "role": "roles/aiplatform.user"
          },
          "sensitive_attributes": [],
          "private": "bnVsbA==",
          "dependencies": [
            "google_project_service.cicd_services",
            "google_project_service.shared_services",
            "google_service_account.cloud_run_app_sa"
          ]
        },
        {
          "index_key": "staging,roles/cloudtrace.agent",
          "schema_version": 0,
          "attributes": {
            "condition": [],
            "etag": "BwY47fp0XKg=",
            "id": "agents-stg/roles/cloudtrace.agent/serviceAccount:app-mod-agent-cr@agents-stg.iam.gserviceaccount.com",
            "member": "serviceAccount:app-mod-agent-cr@agents-stg.iam.gserviceaccount.com",
            "project": "agents-stg",
            "role": "roles/cloudtrace.agent"
          },
          "sensitive_attributes": [],
          "private": "bnVsbA==",
          "dependencies": [
            "google_project_service.cicd_services",
            "google_project_service.shared_services",
            "google_service_account.cloud_run_app_sa"
          ]
        },
        {
          "index_key": "staging,roles/discoveryengine.editor",
          "schema_version": 0,
          "attributes": {
            "condition": [],
            "etag": "BwY47fp0XKg=",
            "id": "agents-stg/roles/discoveryengine.editor/serviceAccount:app-mod-agent-cr@agents-stg.iam.gserviceaccount.com",
            "member": "serviceAccount:app-mod-agent-cr@agents-stg.iam.gserviceaccount.com",
            "project": "agents-stg",
            "role": "roles/discoveryengine.editor"
          },
          "sensitive_attributes": [],
          "private": "bnVsbA==",
          "dependencies": [
            "google_project_service.cicd_services",
            "google_project_service.shared_services",
            "google_service_account.cloud_run_app_sa"
          ]
        },
        {
          "index_key": "staging,roles/logging.logWriter",
          "schema_version": 0,
          "attributes": {
            "condition": [],
            "etag": "BwY47fp0XKg=",
            "id": "agents-stg/roles/logging.logWriter/serviceAccount:app-mod-agent-cr@agents-stg.iam.gserviceaccount.com",
            "member": "serviceAccount:app-mod-agent-cr@agents-stg.iam.gserviceaccount.com",
            "project": "agents-stg",
            "role": "roles/logging.logWriter"
          },
          "sensitive_attributes": [],
          "private": "bnVsbA==",
          "dependencies": [
            "google_project_service.cicd_services",
            "google_project_service.shared_services",
            "google_service_account.cloud_run_app_sa"
          ]
        },
        {
          "index_key": "staging,roles/run.invoker",
          "schema_version": 0,
          "attributes": {
            "condition": [],
            "etag": "BwY47frrm9Q=",
            "id": "agents-stg/roles/run.invoker/serviceAccount:app-mod-agent-cr@agents-stg.iam.gserviceaccount.com",
            "member": "serviceAccount:app-mod-agent-cr@agents-stg.iam.gserviceaccount.com",
            "project": "agents-stg",
            "role": "roles/run.invoker"
          },
          "sensitive_attributes": [],
          "private": "bnVsbA==",
          "dependencies": [
            "google_project_service.cicd_services",
            "google_project_service.shared_services",
            "google_service_account.cloud_run_app_sa"
          ]
        },
        {
          "index_key": "staging,roles/storage.admin",
          "schema_version": 0,
          "attributes": {
            "condition": [],
            "etag": "BwY47fp0XKg=",
            "id": "agents-stg/roles/storage.admin/serviceAccount:app-mod-agent-cr@agents-stg.iam.gserviceaccount.com",
            "member": "serviceAccount:app-mod-agent-cr@agents-stg.iam.gserviceaccount.com",
            "project": "agents-stg",
            "role": "roles/storage.admin"
          },
          "sensitive_attributes": [],
          "private": "bnVsbA==",
          "dependencies": [
            "google_project_service.cicd_services",
            "google_project_service.shared_services",
            "google_service_account.cloud_run_app_sa"
          ]
        }
      ]
    },
    {
      "mode": "managed",
      "type": "google_project_iam_member",
      "name": "other_projects_roles",
      "provider": "provider[\"registry.terraform.io/hashicorp/google\"]",
      "instances": [
        {
          "index_key": "prod-roles/aiplatform.user",
          "schema_version": 0,
          "attributes": {
            "condition": [],
            "etag": "BwY47fiilFo=",
            "id": "agents-prod-464708/roles/aiplatform.user/serviceAccount:app-mod-agent-cb@agents-stg.iam.gserviceaccount.com",
            "member": "serviceAccount:app-mod-agent-cb@agents-stg.iam.gserviceaccount.com",
            "project": "agents-prod-464708",
            "role": "roles/aiplatform.user"
          },
          "sensitive_attributes": [],
          "private": "bnVsbA==",
          "dependencies": [
            "google_project_service.cicd_services",
            "google_project_service.shared_services",
            "google_service_account.cicd_runner_sa"
          ]
        },
        {
          "index_key": "prod-roles/iam.serviceAccountUser",
          "schema_version": 0,
          "attributes": {
            "condition": [],
            "etag": "BwY47fiilFo=",
            "id": "agents-prod-464708/roles/iam.serviceAccountUser/serviceAccount:app-mod-agent-cb@agents-stg.iam.gserviceaccount.com",
            "member": "serviceAccount:app-mod-agent-cb@agents-stg.iam.gserviceaccount.com",
            "project": "agents-prod-464708",
            "role": "roles/iam.serviceAccountUser"
          },
          "sensitive_attributes": [],
          "private": "bnVsbA==",
          "dependencies": [
            "google_project_service.cicd_services",
            "google_project_service.shared_services",
            "google_service_account.cicd_runner_sa"
          ]
        },
        {
          "index_key": "prod-roles/run.developer",
          "schema_version": 0,
          "attributes": {
            "condition": [],
            "etag": "BwY47fiilFo=",
            "id": "agents-prod-464708/roles/run.developer/serviceAccount:app-mod-agent-cb@agents-stg.iam.gserviceaccount.com",
            "member": "serviceAccount:app-mod-agent-cb@agents-stg.iam.gserviceaccount.com",
            "project": "agents-prod-464708",
            "role": "roles/run.developer"
          },
          "sensitive_attributes": [],
          "private": "bnVsbA==",
          "dependencies": [
            "google_project_service.cicd_services",
            "google_project_service.shared_services",
            "google_service_account.cicd_runner_sa"
          ]
        },
        {
          "index_key": "prod-roles/storage.admin",
          "schema_version": 0,
          "attributes": {
            "condition": [],
            "etag": "BwY47fgVfns=",
            "id": "agents-prod-464708/roles/storage.admin/serviceAccount:app-mod-agent-cb@agents-stg.iam.gserviceaccount.com",
            "member": "serviceAccount:app-mod-agent-cb@agents-stg.iam.gserviceaccount.com",
            "project": "agents-prod-464708",
            "role": "roles/storage.admin"
          },
          "sensitive_attributes": [],
          "private": "bnVsbA==",
          "dependencies": [
            "google_project_service.cicd_services",
            "google_project_service.shared_services",
            "google_service_account.cicd_runner_sa"
          ]
        },
        {
          "index_key": "staging-roles/aiplatform.user",
          "schema_version": 0,
          "attributes": {
            "condition": [],
            "etag": "BwY47fdZgGU=",
            "id": "agents-stg/roles/aiplatform.user/serviceAccount:app-mod-agent-cb@agents-stg.iam.gserviceaccount.com",
            "member": "serviceAccount:app-mod-agent-cb@agents-stg.iam.gserviceaccount.com",
            "project": "agents-stg",
            "role": "roles/aiplatform.user"
          },
          "sensitive_attributes": [],
          "private": "bnVsbA==",
          "dependencies": [
            "google_project_service.cicd_services",
            "google_project_service.shared_services",
            "google_service_account.cicd_runner_sa"
          ]
        },
        {
          "index_key": "staging-roles/iam.serviceAccountUser",
          "schema_version": 0,
          "attributes": {
            "condition": [],
            "etag": "BwY47fmlrzc=",
            "id": "agents-stg/roles/iam.serviceAccountUser/serviceAccount:app-mod-agent-cb@agents-stg.iam.gserviceaccount.com",
            "member": "serviceAccount:app-mod-agent-cb@agents-stg.iam.gserviceaccount.com",
            "project": "agents-stg",
            "role": "roles/iam.serviceAccountUser"
          },
          "sensitive_attributes": [],
          "private": "bnVsbA==",
          "dependencies": [
            "google_project_service.cicd_services",
            "google_project_service.shared_services",
            "google_service_account.cicd_runner_sa"
          ]
        },
        {
          "index_key": "staging-roles/run.developer",
          "schema_version": 0,
          "attributes": {
            "condition": [],
            "etag": "BwY47fdZgGU=",
            "id": "agents-stg/roles/run.developer/serviceAccount:app-mod-agent-cb@agents-stg.iam.gserviceaccount.com",
            "member": "serviceAccount:app-mod-agent-cb@agents-stg.iam.gserviceaccount.com",
            "project": "agents-stg",
            "role": "roles/run.developer"
          },
          "sensitive_attributes": [],
          "private": "bnVsbA==",
          "dependencies": [
            "google_project_service.cicd_services",
            "google_project_service.shared_services",
            "google_service_account.cicd_runner_sa"
          ]
        },
        {
          "index_key": "staging-roles/storage.admin",
          "schema_version": 0,
          "attributes": {
            "condition": [],
            "etag": "BwY47fkpYuI=",
            "id": "agents-stg/roles/storage.admin/serviceAccount:app-mod-agent-cb@agents-stg.iam.gserviceaccount.com",
            "member": "serviceAccount:app-mod-agent-cb@agents-stg.iam.gserviceaccount.com",
            "project": "agents-stg",
            "role": "roles/storage.admin"
          },
          "sensitive_attributes": [],
          "private": "bnVsbA==",
          "dependencies": [
            "google_project_service.cicd_services",
            "google_project_service.shared_services",
            "google_service_account.cicd_runner_sa"
          ]
        }
      ]
    },
    {
      "mode": "managed",
      "type": "google_project_service",
      "name": "cicd_cloud_resource_manager_api",
      "provider": "provider[\"registry.terraform.io/hashicorp/google\"]",
      "instances": [
        {
          "schema_version": 0,
          "attributes": {
            "disable_dependent_services": null,
            "disable_on_destroy": false,
            "id": "agents-stg/cloudresourcemanager.googleapis.com",
            "project": "agents-stg",
            "service": "cloudresourcemanager.googleapis.com",
            "timeouts": null
          },
          "sensitive_attributes": [],
          "private": "eyJlMmJmYjczMC1lY2FhLTExZTYtOGY4OC0zNDM2M2JjN2M0YzAiOnsiY3JlYXRlIjoxMjAwMDAwMDAwMDAwLCJkZWxldGUiOjEyMDAwMDAwMDAwMDAsInJlYWQiOjYwMDAwMDAwMDAwMCwidXBkYXRlIjoxMjAwMDAwMDAwMDAwfX0="
        }
      ]
    },
    {
      "mode": "managed",
      "type": "google_project_service",
      "name": "cicd_services",
      "provider": "provider[\"registry.terraform.io/hashicorp/google\"]",
      "instances": [
        {
          "index_key": 0,
          "schema_version": 0,
          "attributes": {
            "disable_dependent_services": null,
            "disable_on_destroy": false,
            "id": "agents-stg/cloudbuild.googleapis.com",
            "project": "agents-stg",
            "service": "cloudbuild.googleapis.com",
            "timeouts": null
          },
          "sensitive_attributes": [],
          "private": "eyJlMmJmYjczMC1lY2FhLTExZTYtOGY4OC0zNDM2M2JjN2M0YzAiOnsiY3JlYXRlIjoxMjAwMDAwMDAwMDAwLCJkZWxldGUiOjEyMDAwMDAwMDAwMDAsInJlYWQiOjYwMDAwMDAwMDAwMCwidXBkYXRlIjoxMjAwMDAwMDAwMDAwfX0="
        },
        {
          "index_key": 1,
          "schema_version": 0,
          "attributes": {
            "disable_dependent_services": null,
            "disable_on_destroy": false,
            "id": "agents-stg/discoveryengine.googleapis.com",
            "project": "agents-stg",
            "service": "discoveryengine.googleapis.com",
            "timeouts": null
          },
          "sensitive_attributes": [],
          "private": "eyJlMmJmYjczMC1lY2FhLTExZTYtOGY4OC0zNDM2M2JjN2M0YzAiOnsiY3JlYXRlIjoxMjAwMDAwMDAwMDAwLCJkZWxldGUiOjEyMDAwMDAwMDAwMDAsInJlYWQiOjYwMDAwMDAwMDAwMCwidXBkYXRlIjoxMjAwMDAwMDAwMDAwfX0="
        },
        {
          "index_key": 2,
          "schema_version": 0,
          "attributes": {
            "disable_dependent_services": null,
            "disable_on_destroy": false,
            "id": "agents-stg/aiplatform.googleapis.com",
            "project": "agents-stg",
            "service": "aiplatform.googleapis.com",
            "timeouts": null
          },
          "sensitive_attributes": [],
          "private": "eyJlMmJmYjczMC1lY2FhLTExZTYtOGY4OC0zNDM2M2JjN2M0YzAiOnsiY3JlYXRlIjoxMjAwMDAwMDAwMDAwLCJkZWxldGUiOjEyMDAwMDAwMDAwMDAsInJlYWQiOjYwMDAwMDAwMDAwMCwidXBkYXRlIjoxMjAwMDAwMDAwMDAwfX0="
        },
        {
          "index_key": 3,
          "schema_version": 0,
          "attributes": {
            "disable_dependent_services": null,
            "disable_on_destroy": false,
            "id": "agents-stg/serviceusage.googleapis.com",
            "project": "agents-stg",
            "service": "serviceusage.googleapis.com",
            "timeouts": null
          },
          "sensitive_attributes": [],
          "private": "eyJlMmJmYjczMC1lY2FhLTExZTYtOGY4OC0zNDM2M2JjN2M0YzAiOnsiY3JlYXRlIjoxMjAwMDAwMDAwMDAwLCJkZWxldGUiOjEyMDAwMDAwMDAwMDAsInJlYWQiOjYwMDAwMDAwMDAwMCwidXBkYXRlIjoxMjAwMDAwMDAwMDAwfX0="
        },
        {
          "index_key": 4,
          "schema_version": 0,
          "attributes": {
            "disable_dependent_services": null,
            "disable_on_destroy": false,
            "id": "agents-stg/bigquery.googleapis.com",
            "project": "agents-stg",
            "service": "bigquery.googleapis.com",
            "timeouts": null
          },
          "sensitive_attributes": [],
          "private": "eyJlMmJmYjczMC1lY2FhLTExZTYtOGY4OC0zNDM2M2JjN2M0YzAiOnsiY3JlYXRlIjoxMjAwMDAwMDAwMDAwLCJkZWxldGUiOjEyMDAwMDAwMDAwMDAsInJlYWQiOjYwMDAwMDAwMDAwMCwidXBkYXRlIjoxMjAwMDAwMDAwMDAwfX0="
        },
        {
          "index_key": 5,
          "schema_version": 0,
          "attributes": {
            "disable_dependent_services": null,
            "disable_on_destroy": false,
            "id": "agents-stg/cloudresourcemanager.googleapis.com",
            "project": "agents-stg",
            "service": "cloudresourcemanager.googleapis.com",
            "timeouts": null
          },
          "sensitive_attributes": [],
          "private": "eyJlMmJmYjczMC1lY2FhLTExZTYtOGY4OC0zNDM2M2JjN2M0YzAiOnsiY3JlYXRlIjoxMjAwMDAwMDAwMDAwLCJkZWxldGUiOjEyMDAwMDAwMDAwMDAsInJlYWQiOjYwMDAwMDAwMDAwMCwidXBkYXRlIjoxMjAwMDAwMDAwMDAwfX0="
        },
        {
          "index_key": 6,
          "schema_version": 0,
          "attributes": {
            "disable_dependent_services": null,
            "disable_on_destroy": false,
            "id": "agents-stg/cloudtrace.googleapis.com",
            "project": "agents-stg",
            "service": "cloudtrace.googleapis.com",
            "timeouts": null
          },
          "sensitive_attributes": [],
          "private": "eyJlMmJmYjczMC1lY2FhLTExZTYtOGY4OC0zNDM2M2JjN2M0YzAiOnsiY3JlYXRlIjoxMjAwMDAwMDAwMDAwLCJkZWxldGUiOjEyMDAwMDAwMDAwMDAsInJlYWQiOjYwMDAwMDAwMDAwMCwidXBkYXRlIjoxMjAwMDAwMDAwMDAwfX0="
        }
      ]
    },
    {
      "mode": "managed",
      "type": "google_project_service",
      "name": "shared_services",
      "provider": "provider[\"registry.terraform.io/hashicorp/google\"]",
      "instances": [
        {
          "index_key": "prod_aiplatform_googleapis_com",
          "schema_version": 0,
          "attributes": {
            "disable_dependent_services": null,
            "disable_on_destroy": false,
            "id": "agents-prod-464708/aiplatform.googleapis.com",
            "project": "agents-prod-464708",
            "service": "aiplatform.googleapis.com",
            "timeouts": null
          },
          "sensitive_attributes": [],
          "private": "eyJlMmJmYjczMC1lY2FhLTExZTYtOGY4OC0zNDM2M2JjN2M0YzAiOnsiY3JlYXRlIjoxMjAwMDAwMDAwMDAwLCJkZWxldGUiOjEyMDAwMDAwMDAwMDAsInJlYWQiOjYwMDAwMDAwMDAwMCwidXBkYXRlIjoxMjAwMDAwMDAwMDAwfX0="
        },
        {
          "index_key": "prod_bigquery_googleapis_com",
          "schema_version": 0,
          "attributes": {
            "disable_dependent_services": null,
            "disable_on_destroy": false,
            "id": "agents-prod-464708/bigquery.googleapis.com",
            "project": "agents-prod-464708",
            "service": "bigquery.googleapis.com",
            "timeouts": null
          },
          "sensitive_attributes": [],
          "private": "eyJlMmJmYjczMC1lY2FhLTExZTYtOGY4OC0zNDM2M2JjN2M0YzAiOnsiY3JlYXRlIjoxMjAwMDAwMDAwMDAwLCJkZWxldGUiOjEyMDAwMDAwMDAwMDAsInJlYWQiOjYwMDAwMDAwMDAwMCwidXBkYXRlIjoxMjAwMDAwMDAwMDAwfX0="
        },
        {
          "index_key": "prod_cloudresourcemanager_googleapis_com",
          "schema_version": 0,
          "attributes": {
            "disable_dependent_services": null,
            "disable_on_destroy": false,
            "id": "agents-prod-464708/cloudresourcemanager.googleapis.com",
            "project": "agents-prod-464708",
            "service": "cloudresourcemanager.googleapis.com",
            "timeouts": null
          },
          "sensitive_attributes": [],
          "private": "eyJlMmJmYjczMC1lY2FhLTExZTYtOGY4OC0zNDM2M2JjN2M0YzAiOnsiY3JlYXRlIjoxMjAwMDAwMDAwMDAwLCJkZWxldGUiOjEyMDAwMDAwMDAwMDAsInJlYWQiOjYwMDAwMDAwMDAwMCwidXBkYXRlIjoxMjAwMDAwMDAwMDAwfX0="
        },
        {
          "index_key": "prod_cloudtrace_googleapis_com",
          "schema_version": 0,
          "attributes": {
            "disable_dependent_services": null,
            "disable_on_destroy": false,
            "id": "agents-prod-464708/cloudtrace.googleapis.com",
            "project": "agents-prod-464708",
            "service": "cloudtrace.googleapis.com",
            "timeouts": null
          },
          "sensitive_attributes": [],
          "private": "eyJlMmJmYjczMC1lY2FhLTExZTYtOGY4OC0zNDM2M2JjN2M0YzAiOnsiY3JlYXRlIjoxMjAwMDAwMDAwMDAwLCJkZWxldGUiOjEyMDAwMDAwMDAwMDAsInJlYWQiOjYwMDAwMDAwMDAwMCwidXBkYXRlIjoxMjAwMDAwMDAwMDAwfX0="
        },
        {
          "index_key": "prod_discoveryengine_googleapis_com",
          "schema_version": 0,
          "attributes": {
            "disable_dependent_services": null,
            "disable_on_destroy": false,
            "id": "agents-prod-464708/discoveryengine.googleapis.com",
            "project": "agents-prod-464708",
            "service": "discoveryengine.googleapis.com",
            "timeouts": null
          },
          "sensitive_attributes": [],
          "private": "eyJlMmJmYjczMC1lY2FhLTExZTYtOGY4OC0zNDM2M2JjN2M0YzAiOnsiY3JlYXRlIjoxMjAwMDAwMDAwMDAwLCJkZWxldGUiOjEyMDAwMDAwMDAwMDAsInJlYWQiOjYwMDAwMDAwMDAwMCwidXBkYXRlIjoxMjAwMDAwMDAwMDAwfX0="
        },
        {
          "index_key": "prod_iam_googleapis_com",
          "schema_version": 0,
          "attributes": {
            "disable_dependent_services": null,
            "disable_on_destroy": false,
            "id": "agents-prod-464708/iam.googleapis.com",
            "project": "agents-prod-464708",
            "service": "iam.googleapis.com",
            "timeouts": null
          },
          "sensitive_attributes": [],
          "private": "eyJlMmJmYjczMC1lY2FhLTExZTYtOGY4OC0zNDM2M2JjN2M0YzAiOnsiY3JlYXRlIjoxMjAwMDAwMDAwMDAwLCJkZWxldGUiOjEyMDAwMDAwMDAwMDAsInJlYWQiOjYwMDAwMDAwMDAwMCwidXBkYXRlIjoxMjAwMDAwMDAwMDAwfX0="
        },
        {
          "index_key": "prod_logging_googleapis_com",
          "schema_version": 0,
          "attributes": {
            "disable_dependent_services": null,
            "disable_on_destroy": false,
            "id": "agents-prod-464708/logging.googleapis.com",
            "project": "agents-prod-464708",
            "service": "logging.googleapis.com",
            "timeouts": null
          },
          "sensitive_attributes": [],
          "private": "eyJlMmJmYjczMC1lY2FhLTExZTYtOGY4OC0zNDM2M2JjN2M0YzAiOnsiY3JlYXRlIjoxMjAwMDAwMDAwMDAwLCJkZWxldGUiOjEyMDAwMDAwMDAwMDAsInJlYWQiOjYwMDAwMDAwMDAwMCwidXBkYXRlIjoxMjAwMDAwMDAwMDAwfX0="
        },
        {
          "index_key": "prod_run_googleapis_com",
          "schema_version": 0,
          "attributes": {
            "disable_dependent_services": null,
            "disable_on_destroy": false,
            "id": "agents-prod-464708/run.googleapis.com",
            "project": "agents-prod-464708",
            "service": "run.googleapis.com",
            "timeouts": null
          },
          "sensitive_attributes": [],
          "private": "eyJlMmJmYjczMC1lY2FhLTExZTYtOGY4OC0zNDM2M2JjN2M0YzAiOnsiY3JlYXRlIjoxMjAwMDAwMDAwMDAwLCJkZWxldGUiOjEyMDAwMDAwMDAwMDAsInJlYWQiOjYwMDAwMDAwMDAwMCwidXBkYXRlIjoxMjAwMDAwMDAwMDAwfX0="
        },
        {
          "index_key": "prod_serviceusage_googleapis_com",
          "schema_version": 0,
          "attributes": {
            "disable_dependent_services": null,
            "disable_on_destroy": false,
            "id": "agents-prod-464708/serviceusage.googleapis.com",
            "project": "agents-prod-464708",
            "service": "serviceusage.googleapis.com",
            "timeouts": null
          },
          "sensitive_attributes": [],
          "private": "eyJlMmJmYjczMC1lY2FhLTExZTYtOGY4OC0zNDM2M2JjN2M0YzAiOnsiY3JlYXRlIjoxMjAwMDAwMDAwMDAwLCJkZWxldGUiOjEyMDAwMDAwMDAwMDAsInJlYWQiOjYwMDAwMDAwMDAwMCwidXBkYXRlIjoxMjAwMDAwMDAwMDAwfX0="
        },
        {
          "index_key": "staging_aiplatform_googleapis_com",
          "schema_version": 0,
          "attributes": {
            "disable_dependent_services": null,
            "disable_on_destroy": false,
            "id": "agents-stg/aiplatform.googleapis.com",
            "project": "agents-stg",
            "service": "aiplatform.googleapis.com",
            "timeouts": null
          },
          "sensitive_attributes": [],
          "private": "eyJlMmJmYjczMC1lY2FhLTExZTYtOGY4OC0zNDM2M2JjN2M0YzAiOnsiY3JlYXRlIjoxMjAwMDAwMDAwMDAwLCJkZWxldGUiOjEyMDAwMDAwMDAwMDAsInJlYWQiOjYwMDAwMDAwMDAwMCwidXBkYXRlIjoxMjAwMDAwMDAwMDAwfX0="
        },
        {
          "index_key": "staging_bigquery_googleapis_com",
          "schema_version": 0,
          "attributes": {
            "disable_dependent_services": null,
            "disable_on_destroy": false,
            "id": "agents-stg/bigquery.googleapis.com",
            "project": "agents-stg",
            "service": "bigquery.googleapis.com",
            "timeouts": null
          },
          "sensitive_attributes": [],
          "private": "eyJlMmJmYjczMC1lY2FhLTExZTYtOGY4OC0zNDM2M2JjN2M0YzAiOnsiY3JlYXRlIjoxMjAwMDAwMDAwMDAwLCJkZWxldGUiOjEyMDAwMDAwMDAwMDAsInJlYWQiOjYwMDAwMDAwMDAwMCwidXBkYXRlIjoxMjAwMDAwMDAwMDAwfX0="
        },
        {
          "index_key": "staging_cloudresourcemanager_googleapis_com",
          "schema_version": 0,
          "attributes": {
            "disable_dependent_services": null,
            "disable_on_destroy": false,
            "id": "agents-stg/cloudresourcemanager.googleapis.com",
            "project": "agents-stg",
            "service": "cloudresourcemanager.googleapis.com",
            "timeouts": null
          },
          "sensitive_attributes": [],
          "private": "eyJlMmJmYjczMC1lY2FhLTExZTYtOGY4OC0zNDM2M2JjN2M0YzAiOnsiY3JlYXRlIjoxMjAwMDAwMDAwMDAwLCJkZWxldGUiOjEyMDAwMDAwMDAwMDAsInJlYWQiOjYwMDAwMDAwMDAwMCwidXBkYXRlIjoxMjAwMDAwMDAwMDAwfX0="
        },
        {
          "index_key": "staging_cloudtrace_googleapis_com",
          "schema_version": 0,
          "attributes": {
            "disable_dependent_services": null,
            "disable_on_destroy": false,
            "id": "agents-stg/cloudtrace.googleapis.com",
            "project": "agents-stg",
            "service": "cloudtrace.googleapis.com",
            "timeouts": null
          },
          "sensitive_attributes": [],
          "private": "eyJlMmJmYjczMC1lY2FhLTExZTYtOGY4OC0zNDM2M2JjN2M0YzAiOnsiY3JlYXRlIjoxMjAwMDAwMDAwMDAwLCJkZWxldGUiOjEyMDAwMDAwMDAwMDAsInJlYWQiOjYwMDAwMDAwMDAwMCwidXBkYXRlIjoxMjAwMDAwMDAwMDAwfX0="
        },
        {
          "index_key": "staging_discoveryengine_googleapis_com",
          "schema_version": 0,
          "attributes": {
            "disable_dependent_services": null,
            "disable_on_destroy": false,
            "id": "agents-stg/discoveryengine.googleapis.com",
            "project": "agents-stg",
            "service": "discoveryengine.googleapis.com",
            "timeouts": null
          },
          "sensitive_attributes": [],
          "private": "eyJlMmJmYjczMC1lY2FhLTExZTYtOGY4OC0zNDM2M2JjN2M0YzAiOnsiY3JlYXRlIjoxMjAwMDAwMDAwMDAwLCJkZWxldGUiOjEyMDAwMDAwMDAwMDAsInJlYWQiOjYwMDAwMDAwMDAwMCwidXBkYXRlIjoxMjAwMDAwMDAwMDAwfX0="
        },
        {
          "index_key": "staging_iam_googleapis_com",
          "schema_version": 0,
          "attributes": {
            "disable_dependent_services": null,
            "disable_on_destroy": false,
            "id": "agents-stg/iam.googleapis.com",
            "project": "agents-stg",
            "service": "iam.googleapis.com",
            "timeouts": null
          },
          "sensitive_attributes": [],
          "private": "eyJlMmJmYjczMC1lY2FhLTExZTYtOGY4OC0zNDM2M2JjN2M0YzAiOnsiY3JlYXRlIjoxMjAwMDAwMDAwMDAwLCJkZWxldGUiOjEyMDAwMDAwMDAwMDAsInJlYWQiOjYwMDAwMDAwMDAwMCwidXBkYXRlIjoxMjAwMDAwMDAwMDAwfX0="
        },
        {
          "index_key": "staging_logging_googleapis_com",
          "schema_version": 0,
          "attributes": {
            "disable_dependent_services": null,
            "disable_on_destroy": false,
            "id": "agents-stg/logging.googleapis.com",
            "project": "agents-stg",
            "service": "logging.googleapis.com",
            "timeouts": null
          },
          "sensitive_attributes": [],
          "private": "eyJlMmJmYjczMC1lY2FhLTExZTYtOGY4OC0zNDM2M2JjN2M0YzAiOnsiY3JlYXRlIjoxMjAwMDAwMDAwMDAwLCJkZWxldGUiOjEyMDAwMDAwMDAwMDAsInJlYWQiOjYwMDAwMDAwMDAwMCwidXBkYXRlIjoxMjAwMDAwMDAwMDAwfX0="
        },
        {
          "index_key": "staging_run_googleapis_com",
          "schema_version": 0,
          "attributes": {
            "disable_dependent_services": null,
            "disable_on_destroy": false,
            "id": "agents-stg/run.googleapis.com",
            "project": "agents-stg",
            "service": "run.googleapis.com",
            "timeouts": null
          },
          "sensitive_attributes": [],
          "private": "eyJlMmJmYjczMC1lY2FhLTExZTYtOGY4OC0zNDM2M2JjN2M0YzAiOnsiY3JlYXRlIjoxMjAwMDAwMDAwMDAwLCJkZWxldGUiOjEyMDAwMDAwMDAwMDAsInJlYWQiOjYwMDAwMDAwMDAwMCwidXBkYXRlIjoxMjAwMDAwMDAwMDAwfX0="
        },
        {
          "index_key": "staging_serviceusage_googleapis_com",
          "schema_version": 0,
          "attributes": {
            "disable_dependent_services": null,
            "disable_on_destroy": false,
            "id": "agents-stg/serviceusage.googleapis.com",
            "project": "agents-stg",
            "service": "serviceusage.googleapis.com",
            "timeouts": null
          },
          "sensitive_attributes": [],
          "private": "eyJlMmJmYjczMC1lY2FhLTExZTYtOGY4OC0zNDM2M2JjN2M0YzAiOnsiY3JlYXRlIjoxMjAwMDAwMDAwMDAwLCJkZWxldGUiOjEyMDAwMDAwMDAwMDAsInJlYWQiOjYwMDAwMDAwMDAwMCwidXBkYXRlIjoxMjAwMDAwMDAwMDAwfX0="
        }
      ]
    },
    {
      "mode": "managed",
      "type": "google_service_account",
      "name": "cicd_runner_sa",
      "provider": "provider[\"registry.terraform.io/hashicorp/google\"]",
      "instances": [
        {
          "schema_version": 0,
          "attributes": {
            "account_id": "app-mod-agent-cb",
            "create_ignore_already_exists": null,
            "description": "",
            "disabled": false,
            "display_name": "CICD Runner SA",
            "email": "app-mod-agent-cb@agents-stg.iam.gserviceaccount.com",
            "id": "projects/agents-stg/serviceAccounts/app-mod-agent-cb@agents-stg.iam.gserviceaccount.com",
            "member": "serviceAccount:app-mod-agent-cb@agents-stg.iam.gserviceaccount.com",
            "name": "projects/agents-stg/serviceAccounts/app-mod-agent-cb@agents-stg.iam.gserviceaccount.com",
            "project": "agents-stg",
            "timeouts": null,
            "unique_id": "107750725451416960502"
          },
          "sensitive_attributes": [],
          "private": "eyJlMmJmYjczMC1lY2FhLTExZTYtOGY4OC0zNDM2M2JjN2M0YzAiOnsiY3JlYXRlIjozMDAwMDAwMDAwMDB9fQ==",
          "dependencies": [
            "google_project_service.cicd_services",
            "google_project_service.shared_services"
          ]
        }
      ]
    },
    {
      "mode": "managed",
      "type": "google_service_account",
      "name": "cloud_run_app_sa",
      "provider": "provider[\"registry.terraform.io/hashicorp/google\"]",
      "instances": [
        {
          "index_key": "prod",
          "schema_version": 0,
          "attributes": {
            "account_id": "app-mod-agent-cr",
            "create_ignore_already_exists": null,
            "description": "",
            "disabled": false,
            "display_name": "Cloud Run Generative AI app SA",
            "email": "app-mod-agent-cr@agents-prod-464708.iam.gserviceaccount.com",
            "id": "projects/agents-prod-464708/serviceAccounts/app-mod-agent-cr@agents-prod-464708.iam.gserviceaccount.com",
            "member": "serviceAccount:app-mod-agent-cr@agents-prod-464708.iam.gserviceaccount.com",
            "name": "projects/agents-prod-464708/serviceAccounts/app-mod-agent-cr@agents-prod-464708.iam.gserviceaccount.com",
            "project": "agents-prod-464708",
            "timeouts": null,
            "unique_id": "114386241133940557557"
          },
          "sensitive_attributes": [],
          "private": "eyJlMmJmYjczMC1lY2FhLTExZTYtOGY4OC0zNDM2M2JjN2M0YzAiOnsiY3JlYXRlIjozMDAwMDAwMDAwMDB9fQ==",
          "dependencies": [
            "google_project_service.cicd_services",
            "google_project_service.shared_services"
          ]
        },
        {
          "index_key": "staging",
          "schema_version": 0,
          "attributes": {
            "account_id": "app-mod-agent-cr",
            "create_ignore_already_exists": null,
            "description": "",
            "disabled": false,
            "display_name": "Cloud Run Generative AI app SA",
            "email": "app-mod-agent-cr@agents-stg.iam.gserviceaccount.com",
            "id": "projects/agents-stg/serviceAccounts/app-mod-agent-cr@agents-stg.iam.gserviceaccount.com",
            "member": "serviceAccount:app-mod-agent-cr@agents-stg.iam.gserviceaccount.com",
            "name": "projects/agents-stg/serviceAccounts/app-mod-agent-cr@agents-stg.iam.gserviceaccount.com",
            "project": "agents-stg",
            "timeouts": null,
            "unique_id": "117077803617057845118"
          },
          "sensitive_attributes": [],
          "private": "eyJlMmJmYjczMC1lY2FhLTExZTYtOGY4OC0zNDM2M2JjN2M0YzAiOnsiY3JlYXRlIjozMDAwMDAwMDAwMDB9fQ==",
          "dependencies": [
            "google_project_service.cicd_services",
            "google_project_service.shared_services"
          ]
        }
      ]
    },
    {
      "mode": "managed",
      "type": "google_service_account_iam_member",
      "name": "cicd_run_invoker_account_user",
      "provider": "provider[\"registry.terraform.io/hashicorp/google\"]",
      "instances": [
        {
          "schema_version": 0,
          "attributes": {
            "condition": [],
            "etag": "BwY47fc29hU=",
            "id": "projects/agents-stg/serviceAccounts/app-mod-agent-cb@agents-stg.iam.gserviceaccount.com/roles/iam.serviceAccountUser/serviceAccount:app-mod-agent-cb@agents-stg.iam.gserviceaccount.com",
            "member": "serviceAccount:app-mod-agent-cb@agents-stg.iam.gserviceaccount.com",
            "role": "roles/iam.serviceAccountUser",
            "service_account_id": "projects/agents-stg/serviceAccounts/app-mod-agent-cb@agents-stg.iam.gserviceaccount.com"
          },
          "sensitive_attributes": [],
          "private": "bnVsbA==",
          "dependencies": [
            "google_project_service.cicd_services",
            "google_project_service.shared_services",
            "google_service_account.cicd_runner_sa"
          ]
        }
      ]
    },
    {
      "mode": "managed",
      "type": "google_service_account_iam_member",
      "name": "cicd_run_invoker_token_creator",
      "provider": "provider[\"registry.terraform.io/hashicorp/google\"]",
      "instances": [
        {
          "schema_version": 0,
          "attributes": {
            "condition": [],
            "etag": "BwY47fc29hU=",
            "id": "projects/agents-stg/serviceAccounts/app-mod-agent-cb@agents-stg.iam.gserviceaccount.com/roles/iam.serviceAccountTokenCreator/serviceAccount:app-mod-agent-cb@agents-stg.iam.gserviceaccount.com",
            "member": "serviceAccount:app-mod-agent-cb@agents-stg.iam.gserviceaccount.com",
            "role": "roles/iam.serviceAccountTokenCreator",
            "service_account_id": "projects/agents-stg/serviceAccounts/app-mod-agent-cb@agents-stg.iam.gserviceaccount.com"
          },
          "sensitive_attributes": [],
          "private": "bnVsbA==",
          "dependencies": [
            "google_project_service.cicd_services",
            "google_project_service.shared_services",
            "google_service_account.cicd_runner_sa"
          ]
        }
      ]
    },
    {
      "mode": "managed",
      "type": "google_storage_bucket",
      "name": "bucket_load_test_results",
      "provider": "provider[\"registry.terraform.io/hashicorp/google\"]",
      "instances": [
        {
          "schema_version": 3,
          "attributes": {
            "autoclass": [],
            "cors": [],
            "custom_placement_config": [],
            "default_event_based_hold": false,
            "effective_labels": {
              "goog-terraform-provisioned": "true"
            },
            "enable_object_retention": false,
            "encryption": [],
            "force_destroy": true,
            "hierarchical_namespace": [
              {
                "enabled": false
              }
            ],
            "id": "agents-stg-app-mod-agent-load-test",
            "ip_filter": [],
            "labels": null,
            "lifecycle_rule": [],
            "location": "US-CENTRAL1",
            "logging": [],
            "name": "agents-stg-app-mod-agent-load-test",
            "project": "agents-stg",
            "project_number": 428871167882,
            "public_access_prevention": "inherited",
            "requester_pays": false,
            "retention_policy": [],
            "rpo": null,
            "self_link": "https://www.googleapis.com/storage/v1/b/agents-stg-app-mod-agent-load-test",
            "soft_delete_policy": [
              {
                "effective_time": "2025-07-02T08:22:24.756Z",
                "retention_duration_seconds": 604800
              }
            ],
            "storage_class": "STANDARD",
            "terraform_labels": {
              "goog-terraform-provisioned": "true"
            },
            "time_created": "2025-07-02T08:22:24.756Z",
            "timeouts": null,
            "uniform_bucket_level_access": true,
            "updated": "2025-07-02T08:22:24.756Z",
            "url": "gs://agents-stg-app-mod-agent-load-test",
            "versioning": [],
            "website": []
          },
          "sensitive_attributes": [],
          "private": "eyJlMmJmYjczMC1lY2FhLTExZTYtOGY4OC0zNDM2M2JjN2M0YzAiOnsiY3JlYXRlIjo2MDAwMDAwMDAwMDAsInJlYWQiOjI0MDAwMDAwMDAwMCwidXBkYXRlIjoyNDAwMDAwMDAwMDB9LCJzY2hlbWFfdmVyc2lvbiI6IjMifQ==",
          "dependencies": [
            "google_project_service.cicd_services",
            "google_project_service.shared_services"
          ]
        }
      ]
    },
    {
      "mode": "managed",
      "type": "google_storage_bucket",
      "name": "logs_data_bucket",
      "provider": "provider[\"registry.terraform.io/hashicorp/google\"]",
      "instances": [
        {
          "index_key": "agents-prod-464708",
          "schema_version": 3,
          "attributes": {
            "autoclass": [],
            "cors": [],
            "custom_placement_config": [],
            "default_event_based_hold": false,
            "effective_labels": {
              "goog-terraform-provisioned": "true"
            },
            "enable_object_retention": false,
            "encryption": [],
            "force_destroy": true,
            "hierarchical_namespace": [
              {
                "enabled": false
              }
            ],
            "id": "agents-prod-464708-app-mod-agent-logs-data",
            "ip_filter": [],
            "labels": null,
            "lifecycle_rule": [],
            "location": "US-CENTRAL1",
            "logging": [],
            "name": "agents-prod-464708-app-mod-agent-logs-data",
            "project": "agents-prod-464708",
            "project_number": 658022431479,
            "public_access_prevention": "inherited",
            "requester_pays": false,
            "retention_policy": [],
            "rpo": null,
            "self_link": "https://www.googleapis.com/storage/v1/b/agents-prod-464708-app-mod-agent-logs-data",
            "soft_delete_policy": [
              {
                "effective_time": "2025-07-02T08:22:24.879Z",
                "retention_duration_seconds": 604800
              }
            ],
            "storage_class": "STANDARD",
            "terraform_labels": {
              "goog-terraform-provisioned": "true"
            },
            "time_created": "2025-07-02T08:22:24.879Z",
            "timeouts": null,
            "uniform_bucket_level_access": true,
            "updated": "2025-07-02T08:22:24.879Z",
            "url": "gs://agents-prod-464708-app-mod-agent-logs-data",
            "versioning": [],
            "website": []
          },
          "sensitive_attributes": [],
          "private": "eyJlMmJmYjczMC1lY2FhLTExZTYtOGY4OC0zNDM2M2JjN2M0YzAiOnsiY3JlYXRlIjo2MDAwMDAwMDAwMDAsInJlYWQiOjI0MDAwMDAwMDAwMCwidXBkYXRlIjoyNDAwMDAwMDAwMDB9LCJzY2hlbWFfdmVyc2lvbiI6IjMifQ==",
          "dependencies": [
            "google_project_service.cicd_services",
            "google_project_service.shared_services"
          ]
        },
        {
          "index_key": "agents-stg",
          "schema_version": 3,
          "attributes": {
            "autoclass": [],
            "cors": [],
            "custom_placement_config": [],
            "default_event_based_hold": false,
            "effective_labels": {
              "goog-terraform-provisioned": "true"
            },
            "enable_object_retention": false,
            "encryption": [],
            "force_destroy": true,
            "hierarchical_namespace": [
              {
                "enabled": false
              }
            ],
            "id": "agents-stg-app-mod-agent-logs-data",
            "ip_filter": [],
            "labels": null,
            "lifecycle_rule": [],
            "location": "US-CENTRAL1",
            "logging": [],
            "name": "agents-stg-app-mod-agent-logs-data",
            "project": "agents-stg",
            "project_number": 428871167882,
            "public_access_prevention": "inherited",
            "requester_pays": false,
            "retention_policy": [],
            "rpo": null,
            "self_link": "https://www.googleapis.com/storage/v1/b/agents-stg-app-mod-agent-logs-data",
            "soft_delete_policy": [
              {
                "effective_time": "2025-07-02T08:22:24.956Z",
                "retention_duration_seconds": 604800
              }
            ],
            "storage_class": "STANDARD",
            "terraform_labels": {
              "goog-terraform-provisioned": "true"
            },
            "time_created": "2025-07-02T08:22:24.956Z",
            "timeouts": null,
            "uniform_bucket_level_access": true,
            "updated": "2025-07-02T08:22:24.956Z",
            "url": "gs://agents-stg-app-mod-agent-logs-data",
            "versioning": [],
            "website": []
          },
          "sensitive_attributes": [],
          "private": "eyJlMmJmYjczMC1lY2FhLTExZTYtOGY4OC0zNDM2M2JjN2M0YzAiOnsiY3JlYXRlIjo2MDAwMDAwMDAwMDAsInJlYWQiOjI0MDAwMDAwMDAwMCwidXBkYXRlIjoyNDAwMDAwMDAwMDB9LCJzY2hlbWFfdmVyc2lvbiI6IjMifQ==",
          "dependencies": [
            "google_project_service.cicd_services",
            "google_project_service.shared_services"
          ]
        }
      ]
    },
    {
      "module": "module.feedback_export_to_bigquery[\"prod\"]",
      "mode": "managed",
      "type": "google_logging_project_sink",
      "name": "sink",
      "provider": "provider[\"registry.terraform.io/hashicorp/google\"]",
      "instances": [
        {
          "index_key": 0,
          "schema_version": 0,
          "attributes": {
            "bigquery_options": [
              {
                "use_partitioned_tables": true
              }
            ],
            "custom_writer_identity": null,
            "description": "",
            "destination": "bigquery.googleapis.com/projects/agents-prod-464708/datasets/app_mod_agent_feedback",
            "disabled": false,
            "exclusions": [],
            "filter": "jsonPayload.log_type=\"feedback\"",
            "id": "projects/agents-prod-464708/sinks/app-mod-agent_feedback",
            "name": "app-mod-agent_feedback",
            "project": "agents-prod-464708",
            "unique_writer_identity": true,
            "writer_identity": "serviceAccount:service-658022431479@gcp-sa-logging.iam.gserviceaccount.com"
          },
          "sensitive_attributes": [],
          "private": "bnVsbA==",
          "dependencies": [
            "google_bigquery_dataset.feedback_dataset",
            "google_project_service.cicd_services",
            "google_project_service.shared_services"
          ]
        }
      ]
    },
    {
      "module": "module.feedback_export_to_bigquery[\"staging\"]",
      "mode": "managed",
      "type": "google_logging_project_sink",
      "name": "sink",
      "provider": "provider[\"registry.terraform.io/hashicorp/google\"]",
      "instances": [
        {
          "index_key": 0,
          "schema_version": 0,
          "attributes": {
            "bigquery_options": [
              {
                "use_partitioned_tables": true
              }
            ],
            "custom_writer_identity": null,
            "description": "",
            "destination": "bigquery.googleapis.com/projects/agents-stg/datasets/app_mod_agent_feedback",
            "disabled": false,
            "exclusions": [],
            "filter": "jsonPayload.log_type=\"feedback\"",
            "id": "projects/agents-stg/sinks/app-mod-agent_feedback",
            "name": "app-mod-agent_feedback",
            "project": "agents-stg",
            "unique_writer_identity": true,
            "writer_identity": "serviceAccount:service-428871167882@gcp-sa-logging.iam.gserviceaccount.com"
          },
          "sensitive_attributes": [],
          "private": "bnVsbA==",
          "dependencies": [
            "google_bigquery_dataset.feedback_dataset",
            "google_project_service.cicd_services",
            "google_project_service.shared_services"
          ]
        }
      ]
    },
    {
      "module": "module.log_export_to_bigquery[\"prod\"]",
      "mode": "managed",
      "type": "google_logging_project_sink",
      "name": "sink",
      "provider": "provider[\"registry.terraform.io/hashicorp/google\"]",
      "instances": [
        {
          "index_key": 0,
          "schema_version": 0,
          "attributes": {
            "bigquery_options": [
              {
                "use_partitioned_tables": true
              }
            ],
            "custom_writer_identity": null,
            "description": "",
            "destination": "bigquery.googleapis.com/projects/agents-prod-464708/datasets/app_mod_agent_telemetry",
            "disabled": false,
            "exclusions": [],
            "filter": "labels.service_name=\"app-mod-agent\" labels.type=\"agent_telemetry\"",
            "id": "projects/agents-prod-464708/sinks/app-mod-agent_telemetry",
            "name": "app-mod-agent_telemetry",
            "project": "agents-prod-464708",
            "unique_writer_identity": true,
            "writer_identity": "serviceAccount:service-658022431479@gcp-sa-logging.iam.gserviceaccount.com"
          },
          "sensitive_attributes": [],
          "private": "bnVsbA==",
          "dependencies": [
            "google_bigquery_dataset.telemetry_logs_dataset",
            "google_project_service.cicd_services",
            "google_project_service.shared_services"
          ]
        }
      ]
    },
    {
      "module": "module.log_export_to_bigquery[\"staging\"]",
      "mode": "managed",
      "type": "google_logging_project_sink",
      "name": "sink",
      "provider": "provider[\"registry.terraform.io/hashicorp/google\"]",
      "instances": [
        {
          "index_key": 0,
          "schema_version": 0,
          "attributes": {
            "bigquery_options": [
              {
                "use_partitioned_tables": true
              }
            ],
            "custom_writer_identity": null,
            "description": "",
            "destination": "bigquery.googleapis.com/projects/agents-stg/datasets/app_mod_agent_telemetry",
            "disabled": false,
            "exclusions": [],
            "filter": "labels.service_name=\"app-mod-agent\" labels.type=\"agent_telemetry\"",
            "id": "projects/agents-stg/sinks/app-mod-agent_telemetry",
            "name": "app-mod-agent_telemetry",
            "project": "agents-stg",
            "unique_writer_identity": true,
            "writer_identity": "serviceAccount:service-428871167882@gcp-sa-logging.iam.gserviceaccount.com"
          },
          "sensitive_attributes": [],
          "private": "bnVsbA==",
          "dependencies": [
            "google_bigquery_dataset.telemetry_logs_dataset",
            "google_project_service.cicd_services",
            "google_project_service.shared_services"
          ]
        }
      ]
    }
  ],
  "check_results": null
}
